{
  "name": "npm",
  "version": "1.0.0",
  "lockfileVersion": 3,
  "requires": true,
  "packages": {
    "": {
      "name": "npm",
      "version": "1.0.0",
      "license": "ISC",
      "dependencies": {
        "@discordjs/core": "^0.6.0",
        "discord.js": "^12.2.0",
        "genius-lyrics": "^3.0.0",
        "simple-youtube-api": "^5.2.1",
        "ytdl-core-discord": "^1.2.1"
      }
    },
    "node_modules/@discordjs/collection": {
      "version": "0.1.5",
      "resolved": "https://registry.npmjs.org/@discordjs/collection/-/collection-0.1.5.tgz",
      "integrity": "sha512-CU1q0UXQUpFNzNB7gufgoisDHP7n+T3tkqTsp3MNUkVJ5+hS3BCvME8uCXAUFlz+6T2FbTCu75A+yQ7HMKqRKw==",
      "deprecated": "no longer supported"
    },
    "node_modules/@discordjs/core": {
      "version": "0.6.0",
      "resolved": "https://registry.npmjs.org/@discordjs/core/-/core-0.6.0.tgz",
      "integrity": "sha512-Z8utdvCtT+ukOL38AHmGjwVYc8WR7NpTVAKINX+HVBq870GcUMFCQl7nJT+whnUdo+NbnC96LmP11+onEhdL6A==",
      "dependencies": {
        "@discordjs/rest": "^1.7.1",
        "@discordjs/util": "^0.3.0",
        "@discordjs/ws": "^0.8.2",
        "@sapphire/snowflake": "^3.4.2",
        "@vladfrangu/async_event_emitter": "^2.2.1",
        "discord-api-types": "^0.37.41"
      },
      "engines": {
        "node": ">=16.9.0"
      }
    },
    "node_modules/@discordjs/form-data": {
      "version": "3.0.1",
      "resolved": "https://registry.npmjs.org/@discordjs/form-data/-/form-data-3.0.1.tgz",
      "integrity": "sha512-ZfFsbgEXW71Rw/6EtBdrP5VxBJy4dthyC0tpQKGKmYFImlmmrykO14Za+BiIVduwjte0jXEBlhSKf0MWbFp9Eg==",
      "deprecated": "Package no longer supported. Contact Support at https://www.npmjs.com/support for more info.",
      "dependencies": {
        "asynckit": "^0.4.0",
        "combined-stream": "^1.0.8",
        "mime-types": "^2.1.12"
      },
      "engines": {
        "node": ">= 6"
      }
    },
    "node_modules/@discordjs/rest": {
      "version": "1.7.1",
      "resolved": "https://registry.npmjs.org/@discordjs/rest/-/rest-1.7.1.tgz",
      "integrity": "sha512-Ofa9UqT0U45G/eX86cURQnX7gzOJLG2oC28VhIk/G6IliYgQF7jFByBJEykPSHE4MxPhqCleYvmsrtfKh1nYmQ==",
      "dependencies": {
        "@discordjs/collection": "^1.5.1",
        "@discordjs/util": "^0.3.0",
        "@sapphire/async-queue": "^1.5.0",
        "@sapphire/snowflake": "^3.4.2",
        "discord-api-types": "^0.37.41",
        "file-type": "^18.3.0",
        "tslib": "^2.5.0",
        "undici": "^5.22.0"
      },
      "engines": {
        "node": ">=16.9.0"
      }
    },
    "node_modules/@discordjs/rest/node_modules/@discordjs/collection": {
      "version": "1.5.1",
      "resolved": "https://registry.npmjs.org/@discordjs/collection/-/collection-1.5.1.tgz",
      "integrity": "sha512-aWEc9DCf3TMDe9iaJoOnO2+JVAjeRNuRxPZQA6GVvBf+Z3gqUuWYBy2NWh4+5CLYq5uoc3MOvUQ5H5m8CJBqOA==",
      "engines": {
        "node": ">=16.9.0"
      }
    },
    "node_modules/@discordjs/util": {
      "version": "0.3.1",
      "resolved": "https://registry.npmjs.org/@discordjs/util/-/util-0.3.1.tgz",
      "integrity": "sha512-HxXKYKg7vohx2/OupUN/4Sd02Ev3PBJ5q0gtjdcvXb0ErCva8jNHWfe/v5sU3UKjIB/uxOhc+TDOnhqffj9pRA==",
      "engines": {
        "node": ">=16.9.0"
      }
    },
    "node_modules/@discordjs/ws": {
      "version": "0.8.3",
      "resolved": "https://registry.npmjs.org/@discordjs/ws/-/ws-0.8.3.tgz",
      "integrity": "sha512-hcYtppanjHecbdNyCKQNH2I4RP9UrphDgmRgLYrATEQF1oo4sYSve7ZmGsBEXSzH72MO2tBPdWSThunbxUVk0g==",
      "dependencies": {
        "@discordjs/collection": "^1.5.1",
        "@discordjs/rest": "^1.7.1",
        "@discordjs/util": "^0.3.1",
        "@sapphire/async-queue": "^1.5.0",
        "@types/ws": "^8.5.4",
        "@vladfrangu/async_event_emitter": "^2.2.1",
        "discord-api-types": "^0.37.41",
        "tslib": "^2.5.0",
        "ws": "^8.13.0"
      },
      "engines": {
        "node": ">=16.9.0"
      }
    },
    "node_modules/@discordjs/ws/node_modules/@discordjs/collection": {
      "version": "1.5.1",
      "resolved": "https://registry.npmjs.org/@discordjs/collection/-/collection-1.5.1.tgz",
      "integrity": "sha512-aWEc9DCf3TMDe9iaJoOnO2+JVAjeRNuRxPZQA6GVvBf+Z3gqUuWYBy2NWh4+5CLYq5uoc3MOvUQ5H5m8CJBqOA==",
      "engines": {
        "node": ">=16.9.0"
      }
    },
    "node_modules/@discordjs/ws/node_modules/ws": {
      "version": "8.13.0",
      "resolved": "https://registry.npmjs.org/ws/-/ws-8.13.0.tgz",
      "integrity": "sha512-x9vcZYTrFPC7aSIbj7sRCYo7L/Xb8Iy+pW0ng0wt2vCJv7M9HOMy0UoN3rr+IFC7hb7vXoqS+P9ktyLLLhO+LA==",
      "engines": {
        "node": ">=10.0.0"
      },
      "peerDependencies": {
        "bufferutil": "^4.0.1",
        "utf-8-validate": ">=5.0.2"
      },
      "peerDependenciesMeta": {
        "bufferutil": {
          "optional": true
        },
        "utf-8-validate": {
          "optional": true
        }
      }
    },
    "node_modules/@sapphire/async-queue": {
      "version": "1.5.0",
      "resolved": "https://registry.npmjs.org/@sapphire/async-queue/-/async-queue-1.5.0.tgz",
      "integrity": "sha512-JkLdIsP8fPAdh9ZZjrbHWR/+mZj0wvKS5ICibcLrRI1j84UmLMshx5n9QmL8b95d4onJ2xxiyugTgSAX7AalmA==",
      "engines": {
        "node": ">=v14.0.0",
        "npm": ">=7.0.0"
      }
    },
    "node_modules/@sapphire/snowflake": {
      "version": "3.5.1",
      "resolved": "https://registry.npmjs.org/@sapphire/snowflake/-/snowflake-3.5.1.tgz",
      "integrity": "sha512-BxcYGzgEsdlG0dKAyOm0ehLGm2CafIrfQTZGWgkfKYbj+pNNsorZ7EotuZukc2MT70E0UbppVbtpBrqpzVzjNA==",
      "engines": {
        "node": ">=v14.0.0",
        "npm": ">=7.0.0"
      }
    },
    "node_modules/@tokenizer/token": {
      "version": "0.3.0",
      "resolved": "https://registry.npmjs.org/@tokenizer/token/-/token-0.3.0.tgz",
      "integrity": "sha512-OvjF+z51L3ov0OyAU0duzsYuvO01PH7x4t6DJx+guahgTnBHkhJdG7soQeTSFLWN3efnHyibZ4Z8l2EuWwJN3A=="
    },
    "node_modules/@types/cheerio": {
      "version": "0.22.18",
      "resolved": "https://registry.npmjs.org/@types/cheerio/-/cheerio-0.22.18.tgz",
      "integrity": "sha512-Fq7R3fINAPSdUEhOyjG4iVxgHrOnqDJbY0/BUuiN0pvD/rfmZWekVZnv+vcs8TtpA2XF50uv50LaE4EnpEL/Hw==",
      "dependencies": {
        "@types/node": "*"
      }
    },
    "node_modules/@types/node": {
      "version": "14.0.14",
      "resolved": "https://registry.npmjs.org/@types/node/-/node-14.0.14.tgz",
      "integrity": "sha512-syUgf67ZQpaJj01/tRTknkMNoBBLWJOBODF0Zm4NrXmiSuxjymFrxnTu1QVYRubhVkRcZLYZG8STTwJRdVm/WQ=="
    },
    "node_modules/@types/ws": {
      "version": "8.5.4",
      "resolved": "https://registry.npmjs.org/@types/ws/-/ws-8.5.4.tgz",
      "integrity": "sha512-zdQDHKUgcX/zBc4GrwsE/7dVdAD8JR4EuiAXiiUhhfyIJXXb2+PrGshFyeXWQPMmmZ2XxgaqclgpIC7eTXc1mg==",
      "dependencies": {
        "@types/node": "*"
      }
    },
    "node_modules/@vladfrangu/async_event_emitter": {
      "version": "2.2.2",
      "resolved": "https://registry.npmjs.org/@vladfrangu/async_event_emitter/-/async_event_emitter-2.2.2.tgz",
      "integrity": "sha512-HIzRG7sy88UZjBJamssEczH5q7t5+axva19UbZLO6u0ySbYPrwzWiXBcC0WuHyhKKoeCyneH+FvYzKQq/zTtkQ==",
      "engines": {
        "node": ">=v14.0.0",
        "npm": ">=7.0.0"
      }
    },
    "node_modules/abort-controller": {
      "version": "3.0.0",
      "resolved": "https://registry.npmjs.org/abort-controller/-/abort-controller-3.0.0.tgz",
      "integrity": "sha512-h8lQ8tacZYnR3vNQTgibj+tODHI5/+l06Au2Pcriv/Gmet0eaj4TwWH41sO9wnHDiQsEj19q0drzdWdeAHtweg==",
      "dependencies": {
        "event-target-shim": "^5.0.0"
      },
      "engines": {
        "node": ">=6.5"
      }
    },
    "node_modules/asynckit": {
      "version": "0.4.0",
      "resolved": "https://registry.npmjs.org/asynckit/-/asynckit-0.4.0.tgz",
      "integrity": "sha1-x57Zf380y48robyXkLzDZkdLS3k="
    },
    "node_modules/axios": {
      "version": "0.19.2",
      "resolved": "https://registry.npmjs.org/axios/-/axios-0.19.2.tgz",
      "integrity": "sha512-fjgm5MvRHLhx+osE2xoekY70AhARk3a6hkN+3Io1jc00jtquGvxYlKlsFUhmUET0V5te6CcZI7lcv2Ym61mjHA==",
      "deprecated": "Critical security vulnerability fixed in v0.21.1. For more information, see https://github.com/axios/axios/pull/3410",
      "dependencies": {
        "follow-redirects": "1.5.10"
      }
    },
    "node_modules/boolbase": {
      "version": "1.0.0",
      "resolved": "https://registry.npmjs.org/boolbase/-/boolbase-1.0.0.tgz",
      "integrity": "sha1-aN/1++YMUes3cl6p4+0xDcwed24="
    },
    "node_modules/busboy": {
      "version": "1.6.0",
      "resolved": "https://registry.npmjs.org/busboy/-/busboy-1.6.0.tgz",
      "integrity": "sha512-8SFQbg/0hQ9xy3UNTB0YEnsNBbWfhf7RtnzpL7TkBiTBRfrQ9Fxcnz7VJsleJpyp6rVLvXiuORqjlHi5q+PYuA==",
      "dependencies": {
        "streamsearch": "^1.1.0"
      },
      "engines": {
        "node": ">=10.16.0"
      }
    },
    "node_modules/cheerio": {
      "version": "1.0.0-rc.3",
      "resolved": "https://registry.npmjs.org/cheerio/-/cheerio-1.0.0-rc.3.tgz",
      "integrity": "sha512-0td5ijfUPuubwLUu0OBoe98gZj8C/AA+RW3v67GPlGOrvxWjZmBXiBCRU+I8VEiNyJzjth40POfHiz2RB3gImA==",
      "dependencies": {
        "css-select": "~1.2.0",
        "dom-serializer": "~0.1.1",
        "entities": "~1.1.1",
        "htmlparser2": "^3.9.1",
        "lodash": "^4.15.0",
        "parse5": "^3.0.1"
      },
      "engines": {
        "node": ">= 0.6"
      }
    },
    "node_modules/combined-stream": {
      "version": "1.0.8",
      "resolved": "https://registry.npmjs.org/combined-stream/-/combined-stream-1.0.8.tgz",
      "integrity": "sha512-FQN4MRfuJeHf7cBbBMJFXhKSDq+2kAArBlmRBvcvFE5BB1HZKXtSFASDhdlz9zOYwxh8lDdnvmMOe/+5cdoEdg==",
      "dependencies": {
        "delayed-stream": "~1.0.0"
      },
      "engines": {
        "node": ">= 0.8"
      }
    },
    "node_modules/css-select": {
      "version": "1.2.0",
      "resolved": "https://registry.npmjs.org/css-select/-/css-select-1.2.0.tgz",
      "integrity": "sha1-KzoRBTnFNV8c2NMUYj6HCxIeyFg=",
      "dependencies": {
        "boolbase": "~1.0.0",
        "css-what": "2.1",
        "domutils": "1.5.1",
        "nth-check": "~1.0.1"
      }
    },
    "node_modules/css-what": {
      "version": "2.1.3",
      "resolved": "https://registry.npmjs.org/css-what/-/css-what-2.1.3.tgz",
      "integrity": "sha512-a+EPoD+uZiNfh+5fxw2nO9QwFa6nJe2Or35fGY6Ipw1R3R4AGz1d1TEZrCegvw2YTmZ0jXirGYlzxxpYSHwpEg==",
      "engines": {
        "node": "*"
      }
    },
    "node_modules/debug": {
      "version": "3.1.0",
      "resolved": "https://registry.npmjs.org/debug/-/debug-3.1.0.tgz",
      "integrity": "sha512-OX8XqP7/1a9cqkxYw2yXss15f26NKWBpDXQd0/uK/KPqdQhxbPa994hnzjcE2VqQpDslf55723cKPUOGSmMY3g==",
      "dependencies": {
        "ms": "2.0.0"
      }
    },
    "node_modules/delayed-stream": {
      "version": "1.0.0",
      "resolved": "https://registry.npmjs.org/delayed-stream/-/delayed-stream-1.0.0.tgz",
      "integrity": "sha1-3zrhmayt+31ECqrgsp4icrJOxhk=",
      "engines": {
        "node": ">=0.4.0"
      }
    },
    "node_modules/discord-api-types": {
      "version": "0.37.42",
      "resolved": "https://registry.npmjs.org/discord-api-types/-/discord-api-types-0.37.42.tgz",
      "integrity": "sha512-1Huaj9cQ1W7/uryS8MZs/tZemnoKB94thM1cE40lep3rpU3q7WHqkdjN/veX0prTkYlPhcyLd/DeF/pBO8X8oQ=="
    },
    "node_modules/discord.js": {
      "version": "12.2.0",
      "resolved": "https://registry.npmjs.org/discord.js/-/discord.js-12.2.0.tgz",
      "integrity": "sha512-Ueb/0SOsxXyqwvwFYFe0msMrGqH1OMqpp2Dpbplnlr4MzcRrFWwsBM9gKNZXPVBHWUKiQkwU8AihXBXIvTTSvg==",
      "deprecated": "no longer supported",
      "dependencies": {
        "@discordjs/collection": "^0.1.5",
        "@discordjs/form-data": "^3.0.1",
        "abort-controller": "^3.0.0",
        "node-fetch": "^2.6.0",
        "prism-media": "^1.2.0",
        "setimmediate": "^1.0.5",
        "tweetnacl": "^1.0.3",
        "ws": "^7.2.1"
      },
      "engines": {
        "node": ">=12.0.0"
      },
      "peerDependencies": {
        "bufferutil": "^4.0.1",
        "erlpack": "discordapp/erlpack",
        "libsodium-wrappers": "^0.7.6",
        "sodium": "^3.0.2",
        "utf-8-validate": "^5.0.2",
        "zlib-sync": "^0.1.6"
      },
      "peerDependenciesMeta": {
        "bufferutil": {
          "optional": true
        },
        "erlpack": {
          "optional": true
        },
        "libsodium-wrappers": {
          "optional": true
        },
        "sodium": {
          "optional": true
        },
        "utf-8-validate": {
          "optional": true
        },
        "zlib-sync": {
          "optional": true
        }
      }
    },
    "node_modules/dom-serializer": {
      "version": "0.1.1",
      "resolved": "https://registry.npmjs.org/dom-serializer/-/dom-serializer-0.1.1.tgz",
      "integrity": "sha512-l0IU0pPzLWSHBcieZbpOKgkIn3ts3vAh7ZuFyXNwJxJXk/c4Gwj9xaTJwIDVQCXawWD0qb3IzMGH5rglQaO0XA==",
      "dependencies": {
        "domelementtype": "^1.3.0",
        "entities": "^1.1.1"
      }
    },
    "node_modules/domelementtype": {
      "version": "1.3.1",
      "resolved": "https://registry.npmjs.org/domelementtype/-/domelementtype-1.3.1.tgz",
      "integrity": "sha512-BSKB+TSpMpFI/HOxCNr1O8aMOTZ8hT3pM3GQ0w/mWRmkhEDSFJkkyzz4XQsBV44BChwGkrDfMyjVD0eA2aFV3w=="
    },
    "node_modules/domhandler": {
      "version": "2.4.2",
      "resolved": "https://registry.npmjs.org/domhandler/-/domhandler-2.4.2.tgz",
      "integrity": "sha512-JiK04h0Ht5u/80fdLMCEmV4zkNh2BcoMFBmZ/91WtYZ8qVXSKjiw7fXMgFPnHcSZgOo3XdinHvmnDUeMf5R4wA==",
      "dependencies": {
        "domelementtype": "1"
      }
    },
    "node_modules/domutils": {
      "version": "1.5.1",
      "resolved": "https://registry.npmjs.org/domutils/-/domutils-1.5.1.tgz",
      "integrity": "sha1-3NhIiib1Y9YQeeSMn3t+Mjc2gs8=",
      "dependencies": {
        "dom-serializer": "0",
        "domelementtype": "1"
      }
    },
    "node_modules/entities": {
      "version": "1.1.2",
      "resolved": "https://registry.npmjs.org/entities/-/entities-1.1.2.tgz",
      "integrity": "sha512-f2LZMYl1Fzu7YSBKg+RoROelpOaNrcGmE9AZubeDfrCEia483oW4MI4VyFd5VNHIgQ/7qm1I0wUHK1eJnn2y2w=="
    },
    "node_modules/event-target-shim": {
      "version": "5.0.1",
      "resolved": "https://registry.npmjs.org/event-target-shim/-/event-target-shim-5.0.1.tgz",
      "integrity": "sha512-i/2XbnSz/uxRCU6+NdVJgKWDTM427+MqYbkQzD321DuCQJUqOuJKIA0IM2+W2xtYHdKOmZ4dR6fExsd4SXL+WQ==",
      "engines": {
        "node": ">=6"
      }
    },
    "node_modules/file-type": {
      "version": "18.4.0",
      "resolved": "https://registry.npmjs.org/file-type/-/file-type-18.4.0.tgz",
      "integrity": "sha512-o6MQrZKTAK6WpvmQk3jqTVUmqxYBxW5bloUfrdH1ZnRFDvvAPNr+l+rgOxM3nkqWT+3khaj3FRMDydWe0xhu+w==",
      "dependencies": {
        "readable-web-to-node-stream": "^3.0.2",
        "strtok3": "^7.0.0",
        "token-types": "^5.0.1"
      },
      "engines": {
        "node": ">=14.16"
      },
      "funding": {
        "url": "https://github.com/sindresorhus/file-type?sponsor=1"
      }
    },
    "node_modules/follow-redirects": {
      "version": "1.5.10",
      "resolved": "https://registry.npmjs.org/follow-redirects/-/follow-redirects-1.5.10.tgz",
      "integrity": "sha512-0V5l4Cizzvqt5D44aTXbFZz+FtyXV1vrDN6qrelxtfYQKW0KO0W2T/hkE8xvGa/540LkZlkaUjO4ailYTFtHVQ==",
      "dependencies": {
        "debug": "=3.1.0"
      },
      "engines": {
        "node": ">=4.0"
      }
    },
    "node_modules/genius-lyrics": {
      "version": "3.0.0",
      "resolved": "https://registry.npmjs.org/genius-lyrics/-/genius-lyrics-3.0.0.tgz",
      "integrity": "sha512-B2Um1u6G0rjf5R09ht31zguG7AFn7eFWBoMVxzITz533gnxtWVdIxrvRLFRQJ0em2Oonj7hTeRog0yanzUpqfQ==",
      "dependencies": {
        "@types/cheerio": "^0.22.18",
        "axios": "^0.19.2",
        "cheerio": "^1.0.0-rc.3"
      },
      "engines": {
        "node": "*"
      }
    },
    "node_modules/html-entities": {
      "version": "1.3.1",
      "resolved": "https://registry.npmjs.org/html-entities/-/html-entities-1.3.1.tgz",
      "integrity": "sha512-rhE/4Z3hIhzHAUKbW8jVcCyuT5oJCXXqhN/6mXXVCpzTmvJnoH2HL/bt3EZ6p55jbFJBeAe1ZNpL5BugLujxNA=="
    },
    "node_modules/htmlparser2": {
      "version": "3.10.1",
      "resolved": "https://registry.npmjs.org/htmlparser2/-/htmlparser2-3.10.1.tgz",
      "integrity": "sha512-IgieNijUMbkDovyoKObU1DUhm1iwNYE/fuifEoEHfd1oZKZDaONBSkal7Y01shxsM49R4XaMdGez3WnF9UfiCQ==",
      "dependencies": {
        "domelementtype": "^1.3.1",
        "domhandler": "^2.3.0",
        "domutils": "^1.5.1",
        "entities": "^1.1.1",
        "inherits": "^2.0.1",
        "readable-stream": "^3.1.1"
      }
    },
    "node_modules/ieee754": {
      "version": "1.2.1",
      "resolved": "https://registry.npmjs.org/ieee754/-/ieee754-1.2.1.tgz",
      "integrity": "sha512-dcyqhDvX1C46lXZcVqCpK+FtMRQVdIMN6/Df5js2zouUsqG7I6sFxitIC+7KYK29KdXOLHdu9zL4sFnoVQnqaA==",
      "funding": [
        {
          "type": "github",
          "url": "https://github.com/sponsors/feross"
        },
        {
          "type": "patreon",
          "url": "https://www.patreon.com/feross"
        },
        {
          "type": "consulting",
          "url": "https://feross.org/support"
        }
      ]
    },
    "node_modules/inherits": {
      "version": "2.0.4",
      "resolved": "https://registry.npmjs.org/inherits/-/inherits-2.0.4.tgz",
      "integrity": "sha512-k/vGaX4/Yla3WzyMCvTQOXYeIHvqOKtnqBduzTHpzpQZzAskKMhZ2K+EnBiSM9zGSoIFeMpXKxa4dYeZIQqewQ=="
    },
    "node_modules/iso8601-duration": {
      "version": "1.2.0",
      "resolved": "https://registry.npmjs.org/iso8601-duration/-/iso8601-duration-1.2.0.tgz",
      "integrity": "sha512-ErTBd++b17E8nmWII1K1uZtBgD1E8RjyvwmxlCjPHNqHMD7gmcMHOw0E8Ro/6+QT4PhHRSnnMo7bxa1vFPkwhg=="
    },
    "node_modules/lodash": {
      "version": "4.17.15",
      "resolved": "https://registry.npmjs.org/lodash/-/lodash-4.17.15.tgz",
      "integrity": "sha512-8xOcRHvCjnocdS5cpwXQXVzmmh5e5+saE2QGoeQmbKmRS6J3VQppPOIt0MnmE+4xlZoumy0GPG0D0MVIQbNA1A=="
    },
    "node_modules/m3u8stream": {
      "version": "0.7.1",
      "resolved": "https://registry.npmjs.org/m3u8stream/-/m3u8stream-0.7.1.tgz",
      "integrity": "sha512-z6ldnAdhbuWOL6LmMkwptSZGzj+qbRytMKLTbNicwF/bJMjf9U9lqD57RNQUFecvWadEkzy6PDjcNJFFgi19uQ==",
      "dependencies": {
        "miniget": "^1.6.1",
        "sax": "^1.2.4"
      },
      "engines": {
        "node": ">=10"
      }
    },
    "node_modules/mime-db": {
      "version": "1.44.0",
      "resolved": "https://registry.npmjs.org/mime-db/-/mime-db-1.44.0.tgz",
      "integrity": "sha512-/NOTfLrsPBVeH7YtFPgsVWveuL+4SjjYxaQ1xtM1KMFj7HdxlBlxeyNLzhyJVx7r4rZGJAZ/6lkKCitSc/Nmpg==",
      "engines": {
        "node": ">= 0.6"
      }
    },
    "node_modules/mime-types": {
      "version": "2.1.27",
      "resolved": "https://registry.npmjs.org/mime-types/-/mime-types-2.1.27.tgz",
      "integrity": "sha512-JIhqnCasI9yD+SsmkquHBxTSEuZdQX5BuQnS2Vc7puQQQ+8yiP5AY5uWhpdv4YL4VM5c6iliiYWPgJ/nJQLp7w==",
      "dependencies": {
        "mime-db": "1.44.0"
      },
      "engines": {
        "node": ">= 0.6"
      }
    },
    "node_modules/miniget": {
      "version": "1.7.2",
      "resolved": "https://registry.npmjs.org/miniget/-/miniget-1.7.2.tgz",
      "integrity": "sha512-USPNNK2bnHLOplX8BZVMehUkyQizS/DFpBdoH0TS+fM+hQoLNg9tWg4MeY9wE8gfY0pbzmx5UBEODujt3Lz8AA==",
      "engines": {
        "node": ">=10"
      }
    },
    "node_modules/ms": {
      "version": "2.0.0",
      "resolved": "https://registry.npmjs.org/ms/-/ms-2.0.0.tgz",
      "integrity": "sha1-VgiurfwAvmwpAd9fmGF4jeDVl8g="
    },
    "node_modules/node-fetch": {
      "version": "2.6.0",
      "resolved": "https://registry.npmjs.org/node-fetch/-/node-fetch-2.6.0.tgz",
      "integrity": "sha512-8dG4H5ujfvFiqDmVu9fQ5bOHUC15JMjMY/Zumv26oOvvVJjM67KF8koCWIabKQ1GJIa9r2mMZscBq/TbdOcmNA==",
      "engines": {
        "node": "4.x || >=6.0.0"
      }
    },
    "node_modules/nth-check": {
      "version": "1.0.2",
      "resolved": "https://registry.npmjs.org/nth-check/-/nth-check-1.0.2.tgz",
      "integrity": "sha512-WeBOdju8SnzPN5vTUJYxYUxLeXpCaVP5i5e0LF8fg7WORF2Wd7wFX/pk0tYZk7s8T+J7VLy0Da6J1+wCT0AtHg==",
      "dependencies": {
        "boolbase": "~1.0.0"
      }
    },
    "node_modules/parse5": {
      "version": "3.0.3",
      "resolved": "https://registry.npmjs.org/parse5/-/parse5-3.0.3.tgz",
      "integrity": "sha512-rgO9Zg5LLLkfJF9E6CCmXlSE4UVceloys8JrFqCcHloC3usd/kJCyPDwH2SOlzix2j3xaP9sUX3e8+kvkuleAA==",
      "dependencies": {
        "@types/node": "*"
      }
    },
    "node_modules/peek-readable": {
      "version": "5.0.0",
      "resolved": "https://registry.npmjs.org/peek-readable/-/peek-readable-5.0.0.tgz",
      "integrity": "sha512-YtCKvLUOvwtMGmrniQPdO7MwPjgkFBtFIrmfSbYmYuq3tKDV/mcfAhBth1+C3ru7uXIZasc/pHnb+YDYNkkj4A==",
      "engines": {
        "node": ">=14.16"
      },
      "funding": {
        "type": "github",
        "url": "https://github.com/sponsors/Borewit"
      }
    },
    "node_modules/prism-media": {
      "version": "1.2.2",
      "resolved": "https://registry.npmjs.org/prism-media/-/prism-media-1.2.2.tgz",
      "integrity": "sha512-I+nkWY212lJ500jLe4tN9tWO7nRiBAVdMv76P9kffZjYhw20raMlW1HSSvS+MLXC9MmbNZCazMrAr+5jEEgTuw==",
      "peerDependencies": {
        "@discordjs/opus": "^0.1.0",
        "ffmpeg-static": "^2.4.0 || ^3.0.0",
        "node-opus": "^0.3.1",
        "opusscript": "^0.0.6"
      },
      "peerDependenciesMeta": {
        "@discordjs/opus": {
          "optional": true
        },
        "ffmpeg-static": {
          "optional": true
        },
        "node-opus": {
          "optional": true
        },
        "opusscript": {
          "optional": true
        }
      }
    },
    "node_modules/readable-stream": {
      "version": "3.6.0",
      "resolved": "https://registry.npmjs.org/readable-stream/-/readable-stream-3.6.0.tgz",
      "integrity": "sha512-BViHy7LKeTz4oNnkcLJ+lVSL6vpiFeX6/d3oSH8zCW7UxP2onchk+vTGB143xuFjHS3deTgkKoXXymXqymiIdA==",
      "dependencies": {
        "inherits": "^2.0.3",
        "string_decoder": "^1.1.1",
        "util-deprecate": "^1.0.1"
      },
      "engines": {
        "node": ">= 6"
      }
    },
    "node_modules/readable-web-to-node-stream": {
      "version": "3.0.2",
      "resolved": "https://registry.npmjs.org/readable-web-to-node-stream/-/readable-web-to-node-stream-3.0.2.tgz",
      "integrity": "sha512-ePeK6cc1EcKLEhJFt/AebMCLL+GgSKhuygrZ/GLaKZYEecIgIECf4UaUuaByiGtzckwR4ain9VzUh95T1exYGw==",
      "dependencies": {
        "readable-stream": "^3.6.0"
      },
      "engines": {
        "node": ">=8"
      },
      "funding": {
        "type": "github",
        "url": "https://github.com/sponsors/Borewit"
      }
    },
    "node_modules/safe-buffer": {
      "version": "5.2.1",
      "resolved": "https://registry.npmjs.org/safe-buffer/-/safe-buffer-5.2.1.tgz",
      "integrity": "sha512-rp3So07KcdmmKbGvgaNxQSJr7bGVSVk5S9Eq1F+ppbRo70+YeaDxkw5Dd8NPN+GD6bjnYm2VuPuCXmpuYvmCXQ==",
      "funding": [
        {
          "type": "github",
          "url": "https://github.com/sponsors/feross"
        },
        {
          "type": "patreon",
          "url": "https://www.patreon.com/feross"
        },
        {
          "type": "consulting",
          "url": "https://feross.org/support"
        }
      ]
    },
    "node_modules/sax": {
      "version": "1.2.4",
      "resolved": "https://registry.npmjs.org/sax/-/sax-1.2.4.tgz",
      "integrity": "sha512-NqVDv9TpANUjFm0N8uM5GxL36UgKi9/atZw+x7YFnQ8ckwFGKrl4xX4yWtrey3UJm5nP1kUbnYgLopqWNSRhWw=="
    },
    "node_modules/setimmediate": {
      "version": "1.0.5",
      "resolved": "https://registry.npmjs.org/setimmediate/-/setimmediate-1.0.5.tgz",
      "integrity": "sha1-KQy7Iy4waULX1+qbg3Mqt4VvgoU="
    },
    "node_modules/simple-youtube-api": {
      "version": "5.2.1",
      "resolved": "https://registry.npmjs.org/simple-youtube-api/-/simple-youtube-api-5.2.1.tgz",
      "integrity": "sha512-vmndP9Bkh35tifn2OwY+th2imSsfYtmDqczgdOW5yEARFzvSoR8VSQFsivJnctfV5QHQUL6VrOpNdbmDRLh9Bg==",
      "dependencies": {
        "iso8601-duration": "^1.2.0",
        "node-fetch": "^2.6.0"
      }
    },
    "node_modules/streamsearch": {
      "version": "1.1.0",
      "resolved": "https://registry.npmjs.org/streamsearch/-/streamsearch-1.1.0.tgz",
      "integrity": "sha512-Mcc5wHehp9aXz1ax6bZUyY5afg9u2rv5cqQI3mRrYkGC8rW2hM02jWuwjtL++LS5qinSyhj2QfLyNsuc+VsExg==",
      "engines": {
        "node": ">=10.0.0"
      }
    },
    "node_modules/string_decoder": {
      "version": "1.3.0",
      "resolved": "https://registry.npmjs.org/string_decoder/-/string_decoder-1.3.0.tgz",
      "integrity": "sha512-hkRX8U1WjJFd8LsDJ2yQ/wWWxaopEsABU1XfkM8A+j0+85JAGppt16cr1Whg6KIbb4okU6Mql6BOj+uup/wKeA==",
      "dependencies": {
        "safe-buffer": "~5.2.0"
      }
    },
    "node_modules/strtok3": {
      "version": "7.0.0",
      "resolved": "https://registry.npmjs.org/strtok3/-/strtok3-7.0.0.tgz",
      "integrity": "sha512-pQ+V+nYQdC5H3Q7qBZAz/MO6lwGhoC2gOAjuouGf/VO0m7vQRh8QNMl2Uf6SwAtzZ9bOw3UIeBukEGNJl5dtXQ==",
      "dependencies": {
        "@tokenizer/token": "^0.3.0",
        "peek-readable": "^5.0.0"
      },
      "engines": {
        "node": ">=14.16"
      },
      "funding": {
        "type": "github",
        "url": "https://github.com/sponsors/Borewit"
      }
    },
    "node_modules/token-types": {
      "version": "5.0.1",
      "resolved": "https://registry.npmjs.org/token-types/-/token-types-5.0.1.tgz",
      "integrity": "sha512-Y2fmSnZjQdDb9W4w4r1tswlMHylzWIeOKpx0aZH9BgGtACHhrk3OkT52AzwcuqTRBZtvvnTjDBh8eynMulu8Vg==",
      "dependencies": {
        "@tokenizer/token": "^0.3.0",
        "ieee754": "^1.2.1"
      },
      "engines": {
        "node": ">=14.16"
      },
      "funding": {
        "type": "github",
        "url": "https://github.com/sponsors/Borewit"
      }
    },
    "node_modules/tslib": {
      "version": "2.5.0",
      "resolved": "https://registry.npmjs.org/tslib/-/tslib-2.5.0.tgz",
      "integrity": "sha512-336iVw3rtn2BUK7ORdIAHTyxHGRIHVReokCR3XjbckJMK7ms8FysBfhLR8IXnAgy7T0PTPNBWKiH514FOW/WSg=="
    },
    "node_modules/tweetnacl": {
      "version": "1.0.3",
      "resolved": "https://registry.npmjs.org/tweetnacl/-/tweetnacl-1.0.3.tgz",
      "integrity": "sha512-6rt+RN7aOi1nGMyC4Xa5DdYiukl2UWCbcJft7YhxReBGQD7OAM8Pbxw6YMo4r2diNEA8FEmu32YOn9rhaiE5yw=="
    },
    "node_modules/undici": {
      "version": "5.22.1",
      "resolved": "https://registry.npmjs.org/undici/-/undici-5.22.1.tgz",
      "integrity": "sha512-Ji2IJhFXZY0x/0tVBXeQwgPlLWw13GVzpsWPQ3rV50IFMMof2I55PZZxtm4P6iNq+L5znYN9nSTAq0ZyE6lSJw==",
      "dependencies": {
        "busboy": "^1.6.0"
      },
      "engines": {
        "node": ">=14.0"
      }
    },
    "node_modules/util-deprecate": {
      "version": "1.0.2",
      "resolved": "https://registry.npmjs.org/util-deprecate/-/util-deprecate-1.0.2.tgz",
      "integrity": "sha1-RQ1Nyfpw3nMnYvvS1KKJgUGaDM8="
    },
    "node_modules/ws": {
      "version": "7.2.5",
      "resolved": "https://registry.npmjs.org/ws/-/ws-7.2.5.tgz",
      "integrity": "sha512-C34cIU4+DB2vMyAbmEKossWq2ZQDr6QEyuuCzWrM9zfw1sGc0mYiJ0UnG9zzNykt49C2Fi34hvr2vssFQRS6EA==",
      "engines": {
        "node": ">=8.3.0"
      },
      "peerDependencies": {
        "bufferutil": "^4.0.1",
        "utf-8-validate": "^5.0.2"
      },
      "peerDependenciesMeta": {
        "bufferutil": {
          "optional": true
        },
        "utf-8-validate": {
          "optional": true
        }
      }
    },
    "node_modules/ytdl-core": {
      "version": "2.1.7",
      "resolved": "https://registry.npmjs.org/ytdl-core/-/ytdl-core-2.1.7.tgz",
      "integrity": "sha512-ithllxxlt4zmJVTnYtT8/31QLv5MGlK3fSk29lx2S4eKc1BGh+ELKQEAkRJqWIf2P8TYBYrKwijx11xND4JcXw==",
      "dependencies": {
        "html-entities": "^1.3.1",
        "m3u8stream": "^0.7.1",
        "miniget": "^1.7.2",
        "sax": "^1.1.3"
      },
      "engines": {
        "node": ">=10"
      }
    },
    "node_modules/ytdl-core-discord": {
      "version": "1.2.1",
      "resolved": "https://registry.npmjs.org/ytdl-core-discord/-/ytdl-core-discord-1.2.1.tgz",
      "integrity": "sha512-xBbPkm+BwS9X3UCAw24RiDn/9ueSwMDEhAXzpse4fNvY1BFn6vgF1jY2FocAKVd/YmbWMZattjFJIJEhtQ2F1g==",
      "dependencies": {
        "@types/node": "^14.0.13",
        "prism-media": "^1.2.2",
        "ytdl-core": "^2.1.7"
      }
    }
  }
}
